// !$*UTF8*$!
{
	archiveVersion = 1;
	classes = {
	};
	objectVersion = 50;
	objects = {

/* Begin PBXBuildFile section */
		B544A2E7275DE9390062CB87 /* AppDelegate.swift in Sources */ = {isa = PBXBuildFile; fileRef = B544A2E6275DE9390062CB87 /* AppDelegate.swift */; };
		B544A2E9275DE9390062CB87 /* SceneDelegate.swift in Sources */ = {isa = PBXBuildFile; fileRef = B544A2E8275DE9390062CB87 /* SceneDelegate.swift */; };
		B544A2EB275DE9390062CB87 /* ViewController.swift in Sources */ = {isa = PBXBuildFile; fileRef = B544A2EA275DE9390062CB87 /* ViewController.swift */; };
		B544A2EE275DE9390062CB87 /* Main.storyboard in Resources */ = {isa = PBXBuildFile; fileRef = B544A2EC275DE9390062CB87 /* Main.storyboard */; };
		B544A2F0275DE9400062CB87 /* Assets.xcassets in Resources */ = {isa = PBXBuildFile; fileRef = B544A2EF275DE9400062CB87 /* Assets.xcassets */; };
		B544A2F3275DE9400062CB87 /* LaunchScreen.storyboard in Resources */ = {isa = PBXBuildFile; fileRef = B544A2F1275DE9400062CB87 /* LaunchScreen.storyboard */; };
		B544A2FE275DE9400062CB87 /* MVVMPlaygroundTests.swift in Sources */ = {isa = PBXBuildFile; fileRef = B544A2FD275DE9400062CB87 /* MVVMPlaygroundTests.swift */; };
		B544A309275DE9400062CB87 /* MVVMPlaygroundUITests.swift in Sources */ = {isa = PBXBuildFile; fileRef = B544A308275DE9400062CB87 /* MVVMPlaygroundUITests.swift */; };
		B544A319275DF2450062CB87 /* Observerble.swift in Sources */ = {isa = PBXBuildFile; fileRef = B544A318275DF2450062CB87 /* Observerble.swift */; };
/* End PBXBuildFile section */

/* Begin PBXContainerItemProxy section */
		B544A2FA275DE9400062CB87 /* PBXContainerItemProxy */ = {
			isa = PBXContainerItemProxy;
			containerPortal = B544A2DB275DE9390062CB87 /* Project object */;
			proxyType = 1;
			remoteGlobalIDString = B544A2E2275DE9390062CB87;
			remoteInfo = MVVMPlayground;
		};
		B544A305275DE9400062CB87 /* PBXContainerItemProxy */ = {
			isa = PBXContainerItemProxy;
			containerPortal = B544A2DB275DE9390062CB87 /* Project object */;
			proxyType = 1;
			remoteGlobalIDString = B544A2E2275DE9390062CB87;
			remoteInfo = MVVMPlayground;
		};
/* End PBXContainerItemProxy section */

/* Begin PBXFileReference section */
		B544A2E3275DE9390062CB87 /* MVVMPlayground.app */ = {isa = PBXFileReference; explicitFileType = wrapper.application; includeInIndex = 0; path = MVVMPlayground.app; sourceTree = BUILT_PRODUCTS_DIR; };
		B544A2E6275DE9390062CB87 /* AppDelegate.swift */ = {isa = PBXFileReference; lastKnownFileType = sourcecode.swift; path = AppDelegate.swift; sourceTree = "<group>"; };
		B544A2E8275DE9390062CB87 /* SceneDelegate.swift */ = {isa = PBXFileReference; lastKnownFileType = sourcecode.swift; path = SceneDelegate.swift; sourceTree = "<group>"; };
		B544A2EA275DE9390062CB87 /* ViewController.swift */ = {isa = PBXFileReference; lastKnownFileType = sourcecode.swift; path = ViewController.swift; sourceTree = "<group>"; };
		B544A2ED275DE9390062CB87 /* Base */ = {isa = PBXFileReference; lastKnownFileType = file.storyboard; name = Base; path = Base.lproj/Main.storyboard; sourceTree = "<group>"; };
		B544A2EF275DE9400062CB87 /* Assets.xcassets */ = {isa = PBXFileReference; lastKnownFileType = folder.assetcatalog; path = Assets.xcassets; sourceTree = "<group>"; };
		B544A2F2275DE9400062CB87 /* Base */ = {isa = PBXFileReference; lastKnownFileType = file.storyboard; name = Base; path = Base.lproj/LaunchScreen.storyboard; sourceTree = "<group>"; };
		B544A2F4275DE9400062CB87 /* Info.plist */ = {isa = PBXFileReference; lastKnownFileType = text.plist.xml; path = Info.plist; sourceTree = "<group>"; };
		B544A2F9275DE9400062CB87 /* MVVMPlaygroundTests.xctest */ = {isa = PBXFileReference; explicitFileType = wrapper.cfbundle; includeInIndex = 0; path = MVVMPlaygroundTests.xctest; sourceTree = BUILT_PRODUCTS_DIR; };
		B544A2FD275DE9400062CB87 /* MVVMPlaygroundTests.swift */ = {isa = PBXFileReference; lastKnownFileType = sourcecode.swift; path = MVVMPlaygroundTests.swift; sourceTree = "<group>"; };
		B544A2FF275DE9400062CB87 /* Info.plist */ = {isa = PBXFileReference; lastKnownFileType = text.plist.xml; path = Info.plist; sourceTree = "<group>"; };
		B544A304275DE9400062CB87 /* MVVMPlaygroundUITests.xctest */ = {isa = PBXFileReference; explicitFileType = wrapper.cfbundle; includeInIndex = 0; path = MVVMPlaygroundUITests.xctest; sourceTree = BUILT_PRODUCTS_DIR; };
		B544A308275DE9400062CB87 /* MVVMPlaygroundUITests.swift */ = {isa = PBXFileReference; lastKnownFileType = sourcecode.swift; path = MVVMPlaygroundUITests.swift; sourceTree = "<group>"; };
		B544A30A275DE9400062CB87 /* Info.plist */ = {isa = PBXFileReference; lastKnownFileType = text.plist.xml; path = Info.plist; sourceTree = "<group>"; };
		B544A318275DF2450062CB87 /* Observerble.swift */ = {isa = PBXFileReference; lastKnownFileType = sourcecode.swift; path = Observerble.swift; sourceTree = "<group>"; };
/* End PBXFileReference section */

/* Begin PBXFrameworksBuildPhase section */
		B544A2E0275DE9390062CB87 /* Frameworks */ = {
			isa = PBXFrameworksBuildPhase;
			buildActionMask = 2147483647;
			files = (
			);
			runOnlyForDeploymentPostprocessing = 0;
		};
		B544A2F6275DE9400062CB87 /* Frameworks */ = {
			isa = PBXFrameworksBuildPhase;
			buildActionMask = 2147483647;
			files = (
			);
			runOnlyForDeploymentPostprocessing = 0;
		};
		B544A301275DE9400062CB87 /* Frameworks */ = {
			isa = PBXFrameworksBuildPhase;
			buildActionMask = 2147483647;
			files = (
			);
			runOnlyForDeploymentPostprocessing = 0;
		};
/* End PBXFrameworksBuildPhase section */

/* Begin PBXGroup section */
		B544A2DA275DE9390062CB87 = {
			isa = PBXGroup;
			children = (
				B544A2E5275DE9390062CB87 /* MVVMPlayground */,
				B544A2FC275DE9400062CB87 /* MVVMPlaygroundTests */,
				B544A307275DE9400062CB87 /* MVVMPlaygroundUITests */,
				B544A2E4275DE9390062CB87 /* Products */,
			);
			sourceTree = "<group>";
		};
		B544A2E4275DE9390062CB87 /* Products */ = {
			isa = PBXGroup;
			children = (
				B544A2E3275DE9390062CB87 /* MVVMPlayground.app */,
				B544A2F9275DE9400062CB87 /* MVVMPlaygroundTests.xctest */,
				B544A304275DE9400062CB87 /* MVVMPlaygroundUITests.xctest */,
			);
			name = Products;
			sourceTree = "<group>";
		};
		B544A2E5275DE9390062CB87 /* MVVMPlayground */ = {
			isa = PBXGroup;
			children = (
				B544A2E6275DE9390062CB87 /* AppDelegate.swift */,
				B544A2E8275DE9390062CB87 /* SceneDelegate.swift */,
				B544A318275DF2450062CB87 /* Observerble.swift */,
				B544A2EA275DE9390062CB87 /* ViewController.swift */,
				B544A2EC275DE9390062CB87 /* Main.storyboard */,
				B544A2EF275DE9400062CB87 /* Assets.xcassets */,
				B544A2F1275DE9400062CB87 /* LaunchScreen.storyboard */,
				B544A2F4275DE9400062CB87 /* Info.plist */,
			);
			path = MVVMPlayground;
			sourceTree = "<group>";
		};
		B544A2FC275DE9400062CB87 /* MVVMPlaygroundTests */ = {
			isa = PBXGroup;
			children = (
				B544A2FD275DE9400062CB87 /* MVVMPlaygroundTests.swift */,
				B544A2FF275DE9400062CB87 /* Info.plist */,
			);
			path = MVVMPlaygroundTests;
			sourceTree = "<group>";
		};
		B544A307275DE9400062CB87 /* MVVMPlaygroundUITests */ = {
			isa = PBXGroup;
			children = (
				B544A308275DE9400062CB87 /* MVVMPlaygroundUITests.swift */,
				B544A30A275DE9400062CB87 /* Info.plist */,
			);
			path = MVVMPlaygroundUITests;
			sourceTree = "<group>";
		};
/* End PBXGroup section */

/* Begin PBXNativeTarget section */
		B544A2E2275DE9390062CB87 /* MVVMPlayground */ = {
			isa = PBXNativeTarget;
			buildConfigurationList = B544A30D275DE9400062CB87 /* Build configuration list for PBXNativeTarget "MVVMPlayground" */;
			buildPhases = (
				B544A2DF275DE9390062CB87 /* Sources */,
				B544A2E0275DE9390062CB87 /* Frameworks */,
				B544A2E1275DE9390062CB87 /* Resources */,
			);
			buildRules = (
			);
			dependencies = (
			);
			name = MVVMPlayground;
			productName = MVVMPlayground;
			productReference = B544A2E3275DE9390062CB87 /* MVVMPlayground.app */;
			productType = "com.apple.product-type.application";
		};
		B544A2F8275DE9400062CB87 /* MVVMPlaygroundTests */ = {
			isa = PBXNativeTarget;
			buildConfigurationList = B544A310275DE9400062CB87 /* Build configuration list for PBXNativeTarget "MVVMPlaygroundTests" */;
			buildPhases = (
				B544A2F5275DE9400062CB87 /* Sources */,
				B544A2F6275DE9400062CB87 /* Frameworks */,
				B544A2F7275DE9400062CB87 /* Resources */,
			);
			buildRules = (
			);
			dependencies = (
				B544A2FB275DE9400062CB87 /* PBXTargetDependency */,
			);
			name = MVVMPlaygroundTests;
			productName = MVVMPlaygroundTests;
			productReference = B544A2F9275DE9400062CB87 /* MVVMPlaygroundTests.xctest */;
			productType = "com.apple.product-type.bundle.unit-test";
		};
		B544A303275DE9400062CB87 /* MVVMPlaygroundUITests */ = {
			isa = PBXNativeTarget;
			buildConfigurationList = B544A313275DE9400062CB87 /* Build configuration list for PBXNativeTarget "MVVMPlaygroundUITests" */;
			buildPhases = (
				B544A300275DE9400062CB87 /* Sources */,
				B544A301275DE9400062CB87 /* Frameworks */,
				B544A302275DE9400062CB87 /* Resources */,
			);
			buildRules = (
			);
			dependencies = (
				B544A306275DE9400062CB87 /* PBXTargetDependency */,
			);
			name = MVVMPlaygroundUITests;
			productName = MVVMPlaygroundUITests;
			productReference = B544A304275DE9400062CB87 /* MVVMPlaygroundUITests.xctest */;
			productType = "com.apple.product-type.bundle.ui-testing";
		};
/* End PBXNativeTarget section */

/* Begin PBXProject section */
		B544A2DB275DE9390062CB87 /* Project object */ = {
			isa = PBXProject;
			attributes = {
				LastSwiftUpdateCheck = 1250;
				LastUpgradeCheck = 1250;
				TargetAttributes = {
					B544A2E2275DE9390062CB87 = {
						CreatedOnToolsVersion = 12.5.1;
					};
					B544A2F8275DE9400062CB87 = {
						CreatedOnToolsVersion = 12.5.1;
						TestTargetID = B544A2E2275DE9390062CB87;
					};
					B544A303275DE9400062CB87 = {
						CreatedOnToolsVersion = 12.5.1;
						TestTargetID = B544A2E2275DE9390062CB87;
					};
				};
			};
			buildConfigurationList = B544A2DE275DE9390062CB87 /* Build configuration list for PBXProject "MVVMPlayground" */;
			compatibilityVersion = "Xcode 9.3";
			developmentRegion = en;
			hasScannedForEncodings = 0;
			knownRegions = (
				en,
				Base,
			);
			mainGroup = B544A2DA275DE9390062CB87;
			productRefGroup = B544A2E4275DE9390062CB87 /* Products */;
			projectDirPath = "";
			projectRoot = "";
			targets = (
				B544A2E2275DE9390062CB87 /* MVVMPlayground */,
				B544A2F8275DE9400062CB87 /* MVVMPlaygroundTests */,
				B544A303275DE9400062CB87 /* MVVMPlaygroundUITests */,
			);
		};
/* End PBXProject section */

/* Begin PBXResourcesBuildPhase section */
		B544A2E1275DE9390062CB87 /* Resources */ = {
			isa = PBXResourcesBuildPhase;
			buildActionMask = 2147483647;
			files = (
				B544A2F3275DE9400062CB87 /* LaunchScreen.storyboard in Resources */,
				B544A2F0275DE9400062CB87 /* Assets.xcassets in Resources */,
				B544A2EE275DE9390062CB87 /* Main.storyboard in Resources */,
			);
			runOnlyForDeploymentPostprocessing = 0;
		};
		B544A2F7275DE9400062CB87 /* Resources */ = {
			isa = PBXResourcesBuildPhase;
			buildActionMask = 2147483647;
			files = (
			);
			runOnlyForDeploymentPostprocessing = 0;
		};
		B544A302275DE9400062CB87 /* Resources */ = {
			isa = PBXResourcesBuildPhase;
			buildActionMask = 2147483647;
			files = (
			);
			runOnlyForDeploymentPostprocessing = 0;
		};
/* End PBXResourcesBuildPhase section */

/* Begin PBXSourcesBuildPhase section */
		B544A2DF275DE9390062CB87 /* Sources */ = {
			isa = PBXSourcesBuildPhase;
			buildActionMask = 2147483647;
			files = (
				B544A2EB275DE9390062CB87 /* ViewController.swift in Sources */,
				B544A2E7275DE9390062CB87 /* AppDelegate.swift in Sources */,
				B544A2E9275DE9390062CB87 /* SceneDelegate.swift in Sources */,
				B544A319275DF2450062CB87 /* Observerble.swift in Sources */,
			);
			runOnlyForDeploymentPostprocessing = 0;
		};
		B544A2F5275DE9400062CB87 /* Sources */ = {
			isa = PBXSourcesBuildPhase;
			buildActionMask = 2147483647;
			files = (
				B544A2FE275DE9400062CB87 /* MVVMPlaygroundTests.swift in Sources */,
			);
			runOnlyForDeploymentPostprocessing = 0;
		};
		B544A300275DE9400062CB87 /* Sources */ = {
			isa = PBXSourcesBuildPhase;
			buildActionMask = 2147483647;
			files = (
				B544A309275DE9400062CB87 /* MVVMPlaygroundUITests.swift in Sources */,
			);
			runOnlyForDeploymentPostprocessing = 0;
		};
/* End PBXSourcesBuildPhase section */

/* Begin PBXTargetDependency section */
		B544A2FB275DE9400062CB87 /* PBXTargetDependency */ = {
			isa = PBXTargetDependency;
			target = B544A2E2275DE9390062CB87 /* MVVMPlayground */;
			targetProxy = B544A2FA275DE9400062CB87 /* PBXContainerItemProxy */;
		};
		B544A306275DE9400062CB87 /* PBXTargetDependency */ = {
			isa = PBXTargetDependency;
			target = B544A2E2275DE9390062CB87 /* MVVMPlayground */;
			targetProxy = B544A305275DE9400062CB87 /* PBXContainerItemProxy */;
		};
/* End PBXTargetDependency section */

/* Begin PBXVariantGroup section */
		B544A2EC275DE9390062CB87 /* Main.storyboard */ = {
			isa = PBXVariantGroup;
			children = (
				B544A2ED275DE9390062CB87 /* Base */,
			);
			name = Main.storyboard;
			sourceTree = "<group>";
		};
		B544A2F1275DE9400062CB87 /* LaunchScreen.storyboard */ = {
			isa = PBXVariantGroup;
			children = (
				B544A2F2275DE9400062CB87 /* Base */,
			);
			name = LaunchScreen.storyboard;
			sourceTree = "<group>";
		};
/* End PBXVariantGroup section */

/* Begin XCBuildConfiguration section */
		B544A30B275DE9400062CB87 /* Debug */ = {
			isa = XCBuildConfiguration;
			buildSettings = {
				ALWAYS_SEARCH_USER_PATHS = NO;
				CLANG_ANALYZER_NONNULL = YES;
				CLANG_ANALYZER_NUMBER_OBJECT_CONVERSION = YES_AGGRESSIVE;
				CLANG_CXX_LANGUAGE_STANDARD = "gnu++14";
				CLANG_CXX_LIBRARY = "libc++";
				CLANG_ENABLE_MODULES = YES;
				CLANG_ENABLE_OBJC_ARC = YES;
				CLANG_ENABLE_OBJC_WEAK = YES;
				CLANG_WARN_BLOCK_CAPTURE_AUTORELEASING = YES;
				CLANG_WARN_BOOL_CONVERSION = YES;
				CLANG_WARN_COMMA = YES;
				CLANG_WARN_CONSTANT_CONVERSION = YES;
				CLANG_WARN_DEPRECATED_OBJC_IMPLEMENTATIONS = YES;
				CLANG_WARN_DIRECT_OBJC_ISA_USAGE = YES_ERROR;
				CLANG_WARN_DOCUMENTATION_COMMENTS = YES;
				CLANG_WARN_EMPTY_BODY = YES;
				CLANG_WARN_ENUM_CONVERSION = YES;
				CLANG_WARN_INFINITE_RECURSION = YES;
				CLANG_WARN_INT_CONVERSION = YES;
				CLANG_WARN_NON_LITERAL_NULL_CONVERSION = YES;
				CLANG_WARN_OBJC_IMPLICIT_RETAIN_SELF = YES;
				CLANG_WARN_OBJC_LITERAL_CONVERSION = YES;
				CLANG_WARN_OBJC_ROOT_CLASS = YES_ERROR;
				CLANG_WARN_QUOTED_INCLUDE_IN_FRAMEWORK_HEADER = YES;
				CLANG_WARN_RANGE_LOOP_ANALYSIS = YES;
				CLANG_WARN_STRICT_PROTOTYPES = YES;
				CLANG_WARN_SUSPICIOUS_MOVE = YES;
				CLANG_WARN_UNGUARDED_AVAILABILITY = YES_AGGRESSIVE;
				CLANG_WARN_UNREACHABLE_CODE = YES;
				CLANG_WARN__DUPLICATE_METHOD_MATCH = YES;
				COPY_PHASE_STRIP = NO;
				DEBUG_INFORMATION_FORMAT = dwarf;
				ENABLE_STRICT_OBJC_MSGSEND = YES;
				ENABLE_TESTABILITY = YES;
				GCC_C_LANGUAGE_STANDARD = gnu11;
				GCC_DYNAMIC_NO_PIC = NO;
				GCC_NO_COMMON_BLOCKS = YES;
				GCC_OPTIMIZATION_LEVEL = 0;
				GCC_PREPROCESSOR_DEFINITIONS = (
					"DEBUG=1",
					"$(inherited)",
				);
				GCC_WARN_64_TO_32_BIT_CONVERSION = YES;
				GCC_WARN_ABOUT_RETURN_TYPE = YES_ERROR;
				GCC_WARN_UNDECLARED_SELECTOR = YES;
				GCC_WARN_UNINITIALIZED_AUTOS = YES_AGGRESSIVE;
				GCC_WARN_UNUSED_FUNCTION = YES;
				GCC_WARN_UNUSED_VARIABLE = YES;
				IPHONEOS_DEPLOYMENT_TARGET = 14.5;
				MTL_ENABLE_DEBUG_INFO = INCLUDE_SOURCE;
				MTL_FAST_MATH = YES;
				ONLY_ACTIVE_ARCH = YES;
				SDKROOT = iphoneos;
				SWIFT_ACTIVE_COMPILATION_CONDITIONS = DEBUG;
				SWIFT_OPTIMIZATION_LEVEL = "-Onone";
			};
			name = Debug;
		};
		B544A30C275DE9400062CB87 /* Release */ = {
			isa = XCBuildConfiguration;
			buildSettings = {
				ALWAYS_SEARCH_USER_PATHS = NO;
				CLANG_ANALYZER_NONNULL = YES;
				CLANG_ANALYZER_NUMBER_OBJECT_CONVERSION = YES_AGGRESSIVE;
				CLANG_CXX_LANGUAGE_STANDARD = "gnu++14";
				CLANG_CXX_LIBRARY = "libc++";
				CLANG_ENABLE_MODULES = YES;
				CLANG_ENABLE_OBJC_ARC = YES;
				CLANG_ENABLE_OBJC_WEAK = YES;
				CLANG_WARN_BLOCK_CAPTURE_AUTORELEASING = YES;
				CLANG_WARN_BOOL_CONVERSION = YES;
				CLANG_WARN_COMMA = YES;
				CLANG_WARN_CONSTANT_CONVERSION = YES;
				CLANG_WARN_DEPRECATED_OBJC_IMPLEMENTATIONS = YES;
				CLANG_WARN_DIRECT_OBJC_ISA_USAGE = YES_ERROR;
				CLANG_WARN_DOCUMENTATION_COMMENTS = YES;
				CLANG_WARN_EMPTY_BODY = YES;
				CLANG_WARN_ENUM_CONVERSION = YES;
				CLANG_WARN_INFINITE_RECURSION = YES;
				CLANG_WARN_INT_CONVERSION = YES;
				CLANG_WARN_NON_LITERAL_NULL_CONVERSION = YES;
				CLANG_WARN_OBJC_IMPLICIT_RETAIN_SELF = YES;
				CLANG_WARN_OBJC_LITERAL_CONVERSION = YES;
				CLANG_WARN_OBJC_ROOT_CLASS = YES_ERROR;
				CLANG_WARN_QUOTED_INCLUDE_IN_FRAMEWORK_HEADER = YES;
				CLANG_WARN_RANGE_LOOP_ANALYSIS = YES;
				CLANG_WARN_STRICT_PROTOTYPES = YES;
				CLANG_WARN_SUSPICIOUS_MOVE = YES;
				CLANG_WARN_UNGUARDED_AVAILABILITY = YES_AGGRESSIVE;
				CLANG_WARN_UNREACHABLE_CODE = YES;
				CLANG_WARN__DUPLICATE_METHOD_MATCH = YES;
				COPY_PHASE_STRIP = NO;
				DEBUG_INFORMATION_FORMAT = "dwarf-with-dsym";
				ENABLE_NS_ASSERTIONS = NO;
				ENABLE_STRICT_OBJC_MSGSEND = YES;
				GCC_C_LANGUAGE_STANDARD = gnu11;
				GCC_NO_COMMON_BLOCKS = YES;
				GCC_WARN_64_TO_32_BIT_CONVERSION = YES;
				GCC_WARN_ABOUT_RETURN_TYPE = YES_ERROR;
				GCC_WARN_UNDECLARED_SELECTOR = YES;
				GCC_WARN_UNINITIALIZED_AUTOS = YES_AGGRESSIVE;
				GCC_WARN_UNUSED_FUNCTION = YES;
				GCC_WARN_UNUSED_VARIABLE = YES;
				IPHONEOS_DEPLOYMENT_TARGET = 14.5;
				MTL_ENABLE_DEBUG_INFO = NO;
				MTL_FAST_MATH = YES;
				SDKROOT = iphoneos;
				SWIFT_COMPILATION_MODE = wholemodule;
				SWIFT_OPTIMIZATION_LEVEL = "-O";
				VALIDATE_PRODUCT = YES;
			};
			name = Release;
		};
		B544A30E275DE9400062CB87 /* Debug */ = {
			isa = XCBuildConfiguration;
			buildSettings = {
				ASSETCATALOG_COMPILER_APPICON_NAME = AppIcon;
				ASSETCATALOG_COMPILER_GLOBAL_ACCENT_COLOR_NAME = AccentColor;
				CODE_SIGN_STYLE = Automatic;
				DEVELOPMENT_TEAM = QHHT36MCXB;
				INFOPLIST_FILE = MVVMPlayground/Info.plist;
				LD_RUNPATH_SEARCH_PATHS = (
					"$(inherited)",
					"@executable_path/Frameworks",
				);
				PRODUCT_BUNDLE_IDENTIFIER = com.youjcheng.MVVMPlayground;
				PRODUCT_NAME = "$(TARGET_NAME)";
				SWIFT_VERSION = 5.0;
				TARGETED_DEVICE_FAMILY = "1,2";
			};
			name = Debug;
		};
		B544A30F275DE9400062CB87 /* Release */ = {
			isa = XCBuildConfiguration;
			buildSettings = {
				ASSETCATALOG_COMPILER_APPICON_NAME = AppIcon;
				ASSETCATALOG_COMPILER_GLOBAL_ACCENT_COLOR_NAME = AccentColor;
				CODE_SIGN_STYLE = Automatic;
				DEVELOPMENT_TEAM = QHHT36MCXB;
				INFOPLIST_FILE = MVVMPlayground/Info.plist;
				LD_RUNPATH_SEARCH_PATHS = (
					"$(inherited)",
					"@executable_path/Frameworks",
				);
				PRODUCT_BUNDLE_IDENTIFIER = com.youjcheng.MVVMPlayground;
				PRODUCT_NAME = "$(TARGET_NAME)";
				SWIFT_VERSION = 5.0;
				TARGETED_DEVICE_FAMILY = "1,2";
			};
			name = Release;
		};
		B544A311275DE9400062CB87 /* Debug */ = {
			isa = XCBuildConfiguration;
			buildSettings = {
				ALWAYS_EMBED_SWIFT_STANDARD_LIBRARIES = YES;
				BUNDLE_LOADER = "$(TEST_HOST)";
				CODE_SIGN_STYLE = Automatic;
				DEVELOPMENT_TEAM = QHHT36MCXB;
				INFOPLIST_FILE = MVVMPlaygroundTests/Info.plist;
				IPHONEOS_DEPLOYMENT_TARGET = 14.5;
				LD_RUNPATH_SEARCH_PATHS = (
					"$(inherited)",
					"@executable_path/Frameworks",
					"@loader_path/Frameworks",
				);
				PRODUCT_BUNDLE_IDENTIFIER = com.youjcheng.MVVMPlaygroundTests;
				PRODUCT_NAME = "$(TARGET_NAME)";
				SWIFT_VERSION = 5.0;
				TARGETED_DEVICE_FAMILY = "1,2";
				TEST_HOST = "$(BUILT_PRODUCTS_DIR)/MVVMPlayground.app/MVVMPlayground";
			};
			name = Debug;
		};
		B544A312275DE9400062CB87 /* Release */ = {
			isa = XCBuildConfiguration;
			buildSettings = {
				ALWAYS_EMBED_SWIFT_STANDARD_LIBRARIES = YES;
				BUNDLE_LOADER = "$(TEST_HOST)";
				CODE_SIGN_STYLE = Automatic;
				DEVELOPMENT_TEAM = QHHT36MCXB;
				INFOPLIST_FILE = MVVMPlaygroundTests/Info.plist;
				IPHONEOS_DEPLOYMENT_TARGET = 14.5;
				LD_RUNPATH_SEARCH_PATHS = (
					"$(inherited)",
					"@executable_path/Frameworks",
					"@loader_path/Frameworks",
				);
				PRODUCT_BUNDLE_IDENTIFIER = com.youjcheng.MVVMPlaygroundTests;
				PRODUCT_NAME = "$(TARGET_NAME)";
				SWIFT_VERSION = 5.0;
				TARGETED_DEVICE_FAMILY = "1,2";
				TEST_HOST = "$(BUILT_PRODUCTS_DIR)/MVVMPlayground.app/MVVMPlayground";
			};
			name = Release;
		};
		B544A314275DE9400062CB87 /* Debug */ = {
			isa = XCBuildConfiguration;
			buildSettings = {
				ALWAYS_EMBED_SWIFT_STANDARD_LIBRARIES = YES;
				CODE_SIGN_STYLE = Automatic;
				DEVELOPMENT_TEAM = QHHT36MCXB;
				INFOPLIST_FILE = MVVMPlaygroundUITests/Info.plist;
				LD_RUNPATH_SEARCH_PATHS = (
					"$(inherited)",
					"@executable_path/Frameworks",
					"@loader_path/Frameworks",
				);
				PRODUCT_BUNDLE_IDENTIFIER = com.youjcheng.MVVMPlaygroundUITests;
				PRODUCT_NAME = "$(TARGET_NAME)";
				SWIFT_VERSION = 5.0;
				TARGETED_DEVICE_FAMILY = "1,2";
				TEST_TARGET_NAME = MVVMPlayground;
			};
			name = Debug;
		};
		B544A315275DE9400062CB87 /* Release */ = {
			isa = XCBuildConfiguration;
			buildSettings = {
				ALWAYS_EMBED_SWIFT_STANDARD_LIBRARIES = YES;
				CODE_SIGN_STYLE = Automatic;
				DEVELOPMENT_TEAM = QHHT36MCXB;
				INFOPLIST_FILE = MVVMPlaygroundUITests/Info.plist;
				LD_RUNPATH_SEARCH_PATHS = (
					"$(inherited)",
					"@executable_path/Frameworks",
					"@loader_path/Frameworks",
				);
				PRODUCT_BUNDLE_IDENTIFIER = com.youjcheng.MVVMPlaygroundUITests;
				PRODUCT_NAME = "$(TARGET_NAME)";
				SWIFT_VERSION = 5.0;
				TARGETED_DEVICE_FAMILY = "1,2";
				TEST_TARGET_NAME = MVVMPlayground;
			};
			name = Release;
		};
/* End XCBuildConfiguration section */

/* Begin XCConfigurationList section */
		B544A2DE275DE9390062CB87 /* Build configuration list for PBXProject "MVVMPlayground" */ = {
			isa = XCConfigurationList;
			buildConfigurations = (
				B544A30B275DE9400062CB87 /* Debug */,
				B544A30C275DE9400062CB87 /* Release */,
			);
			defaultConfigurationIsVisible = 0;
			defaultConfigurationName = Release;
		};
		B544A30D275DE9400062CB87 /* Build configuration list for PBXNativeTarget "MVVMPlayground" */ = {
			isa = XCConfigurationList;
			buildConfigurations = (
				B544A30E275DE9400062CB87 /* Debug */,
				B544A30F275DE9400062CB87 /* Release */,
			);
			defaultConfigurationIsVisible = 0;
			defaultConfigurationName = Release;
		};
		B544A310275DE9400062CB87 /* Build configuration list for PBXNativeTarget "MVVMPlaygroundTests" */ = {
			isa = XCConfigurationList;
			buildConfigurations = (
				B544A311275DE9400062CB87 /* Debug */,
				B544A312275DE9400062CB87 /* Release */,
			);
			defaultConfigurationIsVisible = 0;
			defaultConfigurationName = Release;
		};
		B544A313275DE9400062CB87 /* Build configuration list for PBXNativeTarget "MVVMPlaygroundUITests" */ = {
			isa = XCConfigurationList;
			buildConfigurations = (
				B544A314275DE9400062CB87 /* Debug */,
				B544A315275DE9400062CB87 /* Release */,
			);
			defaultConfigurationIsVisible = 0;
			defaultConfigurationName = Release;
		};
/* End XCConfigurationList section */
	};
	rootObject = B544A2DB275DE9390062CB87 /* Project object */;
}
